
Microsoft Visual Studio Solution File, Format Version 12.00
# Visual Studio Version 17
VisualStudioVersion = 17.0.31919.166
MinimumVisualStudioVersion = 10.0.40219.1
Project("{FAE04EC0-301F-11D3-BF4B-00C04F79EFBC}") = "SEModCreateTool", "SEModCreateTool.csproj", "{1DF051DE-ED93-44A4-9AD7-988751408041}"
EndProject
Global
	GlobalSection(SolutionConfigurationPlatforms) = preSolution
		Debug|Any CPU = Debug|Any CPU
		Release|Any CPU = Release|Any CPU
	EndGlobalSection
	GlobalSection(ProjectConfigurationPlatforms) = postSolution
		{1DF051DE-ED93-44A4-9AD7-988751408041}.Debug|Any CPU.ActiveCfg = Debug|Any CPU
		{1DF051DE-ED93-44A4-9AD7-988751408041}.Debug|Any CPU.Build.0 = Debug|Any CPU
		{1DF051DE-ED93-44A4-9AD7-988751408041}.Release|Any CPU.ActiveCfg = Release|Any CPU
		{1DF051DE-ED93-44A4-9AD7-988751408041}.Release|Any CPU.Build.0 = Release|Any CPU
	EndGlobalSection
	GlobalSection(SolutionProperties) = preSolution
		HideSolutionNode = FALSE
	EndGlobalSection
	GlobalSection(ExtensibilityGlobals) = postSolution
		SolutionGuid = {7A83D747-855E-4BBF-9214-A8E13614A18A}
	EndGlobalSection
EndGlobal
